
Microsoft Visual Studio Solution File, Format Version 12.00
# Visual Studio Version 17
VisualStudioVersion = 17.10.35122.118
MinimumVisualStudioVersion = 10.0.40219.1
Project("{FAE04EC0-301F-11D3-BF4B-00C04F79EFBC}") = "Practica04-FormularioRegistro", "Practica04-FormularioRegistro\Practica04-FormularioRegistro.csproj", "{5AEB5904-62A1-4FA1-A381-4280254985D3}"
EndProject
Global
	GlobalSection(SolutionConfigurationPlatforms) = preSolution
		Debug|Any CPU = Debug|Any CPU
		Release|Any CPU = Release|Any CPU
	EndGlobalSection
	GlobalSection(ProjectConfigurationPlatforms) = postSolution
		{5AEB5904-62A1-4FA1-A381-4280254985D3}.Debug|Any CPU.ActiveCfg = Debug|Any CPU
		{5AEB5904-62A1-4FA1-A381-4280254985D3}.Debug|Any CPU.Build.0 = Debug|Any CPU
		{5AEB5904-62A1-4FA1-A381-4280254985D3}.Release|Any CPU.ActiveCfg = Release|Any CPU
		{5AEB5904-62A1-4FA1-A381-4280254985D3}.Release|Any CPU.Build.0 = Release|Any CPU
	EndGlobalSection
	GlobalSection(SolutionProperties) = preSolution
		HideSolutionNode = FALSE
	EndGlobalSection
	GlobalSection(ExtensibilityGlobals) = postSolution
		SolutionGuid = {1F424655-43B8-4FCC-85FC-9F7115B2017E}
	EndGlobalSection
EndGlobal
